
Microsoft Visual Studio Solution File, Format Version 12.00
# Visual Studio Version 17
VisualStudioVersion = 17.5.33530.505
MinimumVisualStudioVersion = 10.0.40219.1
Project("{2150E333-8FDC-42A3-9474-1A3956D46DE8}") = "Services", "Services", "{0C8D1A90-BD70-4FA1-A52E-1036502DFDCE}"
EndProject
Project("{2150E333-8FDC-42A3-9474-1A3956D46DE8}") = "Catalog", "Catalog", "{FC5B66FB-9CFA-45F5-B8DB-BE2C055CCDEF}"
EndProject
Project("{9A19103F-16F7-4668-BE54-9A1E7A4F7556}") = "FreeCourse.Services.Catalog", "Services\Catalog\FreeCourse.Services.Catalog\FreeCourse.Services.Catalog.csproj", "{DEF152C9-BD33-4954-867C-4F467E886CFE}"
EndProject
Project("{2150E333-8FDC-42A3-9474-1A3956D46DE8}") = "Solution Items", "Solution Items", "{4C3B3A17-5B5B-4B76-98EF-3C7AE34CB9B4}"
	ProjectSection(SolutionItems) = preProject
		Ports.txt = Ports.txt
	EndProjectSection
EndProject
Project("{2150E333-8FDC-42A3-9474-1A3956D46DE8}") = "Shared", "Shared", "{54A51EA6-F0B5-495C-8898-D8D35FB1CD8F}"
EndProject
Project("{9A19103F-16F7-4668-BE54-9A1E7A4F7556}") = "FreeCourse.Shared", "Shared\FreeCourse.Shared\FreeCourse.Shared.csproj", "{41D062F5-D3AE-4460-A9EF-77FAB76B2E18}"
EndProject
Project("{2150E333-8FDC-42A3-9474-1A3956D46DE8}") = "IdentityServer", "IdentityServer", "{CB0ECEE9-6276-460F-A381-CB5D04450504}"
EndProject
Project("{9A19103F-16F7-4668-BE54-9A1E7A4F7556}") = "FreeCourse.IdentityServer", "IdentityServer\FreeCourse.IdentityServer\FreeCourse.IdentityServer.csproj", "{AFA0217A-E609-4830-A1F3-2AC996D50B28}"
	ProjectSection(ProjectDependencies) = postProject
		{41D062F5-D3AE-4460-A9EF-77FAB76B2E18} = {41D062F5-D3AE-4460-A9EF-77FAB76B2E18}
	EndProjectSection
EndProject
Project("{2150E333-8FDC-42A3-9474-1A3956D46DE8}") = "PhotoStock", "PhotoStock", "{DDECFCEA-8606-4ABE-9366-CD433EEF9AC8}"
EndProject
Project("{9A19103F-16F7-4668-BE54-9A1E7A4F7556}") = "FreeCourse.Services.PhotoStock", "Services\PhotoStock\FreeCourse.Services.PhotoStock\FreeCourse.Services.PhotoStock.csproj", "{D2530992-8913-4749-9DB4-804CDE377628}"
EndProject
Project("{2150E333-8FDC-42A3-9474-1A3956D46DE8}") = "Basket", "Basket", "{85BD3CE3-5DAE-4D3F-A767-96B58260628F}"
EndProject
Project("{9A19103F-16F7-4668-BE54-9A1E7A4F7556}") = "FreeCourse.Services.Basket", "Services\Basket\FreeCourse.Services.Basket\FreeCourse.Services.Basket.csproj", "{367F0FC7-D70E-43CD-A9C4-F542FE730600}"
EndProject
Project("{2150E333-8FDC-42A3-9474-1A3956D46DE8}") = "Discount", "Discount", "{53DE87A7-EDB2-4D37-A383-16BC05BC8725}"
EndProject
Project("{9A19103F-16F7-4668-BE54-9A1E7A4F7556}") = "FreeCourse.Services.DiscountAPI", "Services\Discount\FreeCourse.Services.DiscountAPI\FreeCourse.Services.DiscountAPI.csproj", "{F8592426-B202-4103-917C-F851200DAB27}"
EndProject
Project("{2150E333-8FDC-42A3-9474-1A3956D46DE8}") = "Order", "Order", "{387C47D6-F13A-4529-AA4B-060724AE268C}"
EndProject
Project("{9A19103F-16F7-4668-BE54-9A1E7A4F7556}") = "FreeCourse.Services.Order.API", "Services\Order\FreeCourse.Services.Order.API\FreeCourse.Services.Order.API.csproj", "{ED0BE2A2-8C25-4D58-9DB8-6D8ADDB6CA5C}"
EndProject
Project("{9A19103F-16F7-4668-BE54-9A1E7A4F7556}") = "FreeCourse.Services.Order.Application", "Services\Order\FreeCourse.Services.Order.Application\FreeCourse.Services.Order.Application.csproj", "{266E4C01-249B-4AD2-8C19-F9C5D46ED3C7}"
EndProject
Project("{9A19103F-16F7-4668-BE54-9A1E7A4F7556}") = "FreeCourse.Services.Order.Domain", "Services\Order\FreeCourse.Services.Order.Domain\FreeCourse.Services.Order.Domain.csproj", "{E2A3767D-D744-4018-BF06-F03B58753A35}"
EndProject
Project("{9A19103F-16F7-4668-BE54-9A1E7A4F7556}") = "FreeCourse.Services.Order.Domain.Core", "Services\Order\FreeCourse.Services.Order.Domain.Core\FreeCourse.Services.Order.Domain.Core.csproj", "{862AA568-AA38-48B8-8571-9BDA4296316C}"
EndProject
Project("{9A19103F-16F7-4668-BE54-9A1E7A4F7556}") = "FreeCourse.Services.Order.Infrastructure", "Services\Order\FreeCourse.Services.Order.Infrastructure\FreeCourse.Services.Order.Infrastructure.csproj", "{1D12265E-90C1-4EE8-9C6C-96107AACEC56}"
EndProject
Project("{2150E333-8FDC-42A3-9474-1A3956D46DE8}") = "FakePayment", "FakePayment", "{1EF0E3B5-82AC-4490-B2C7-B9ECEBB408B2}"
EndProject
Project("{9A19103F-16F7-4668-BE54-9A1E7A4F7556}") = "FreeCourse.Services.FakePayment", "Services\FakePayment\FreeCourse.Services.FakePayment\FreeCourse.Services.FakePayment.csproj", "{682C441E-75C4-4AB7-87EA-5FE8A46B6F1A}"
EndProject
Project("{2150E333-8FDC-42A3-9474-1A3956D46DE8}") = "Gateways", "Gateways", "{4258188E-A801-4841-B813-6BD2CCCA974E}"
EndProject
Project("{9A19103F-16F7-4668-BE54-9A1E7A4F7556}") = "FreeCourse.Gateway", "FreeCourse.Gateway\FreeCourse.Gateway.csproj", "{7122971F-B050-49C2-B49A-10899D611421}"
EndProject
Project("{2150E333-8FDC-42A3-9474-1A3956D46DE8}") = "Frontend", "Frontend", "{C95A1F43-C8E3-42E0-8775-705CE2243AAD}"
EndProject
Project("{FAE04EC0-301F-11D3-BF4B-00C04F79EFBC}") = "FreeCourse.Web", "Frontend\FreeCourse.Web\FreeCourse.Web.csproj", "{9816EA52-BFA6-4C8D-B456-15E2AFCA7ABA}"
EndProject
Global
	GlobalSection(SolutionConfigurationPlatforms) = preSolution
		Debug|Any CPU = Debug|Any CPU
		Release|Any CPU = Release|Any CPU
	EndGlobalSection
	GlobalSection(ProjectConfigurationPlatforms) = postSolution
		{DEF152C9-BD33-4954-867C-4F467E886CFE}.Debug|Any CPU.ActiveCfg = Debug|Any CPU
		{DEF152C9-BD33-4954-867C-4F467E886CFE}.Debug|Any CPU.Build.0 = Debug|Any CPU
		{DEF152C9-BD33-4954-867C-4F467E886CFE}.Release|Any CPU.ActiveCfg = Release|Any CPU
		{DEF152C9-BD33-4954-867C-4F467E886CFE}.Release|Any CPU.Build.0 = Release|Any CPU
		{41D062F5-D3AE-4460-A9EF-77FAB76B2E18}.Debug|Any CPU.ActiveCfg = Debug|Any CPU
		{41D062F5-D3AE-4460-A9EF-77FAB76B2E18}.Debug|Any CPU.Build.0 = Debug|Any CPU
		{41D062F5-D3AE-4460-A9EF-77FAB76B2E18}.Release|Any CPU.ActiveCfg = Release|Any CPU
		{41D062F5-D3AE-4460-A9EF-77FAB76B2E18}.Release|Any CPU.Build.0 = Release|Any CPU
		{AFA0217A-E609-4830-A1F3-2AC996D50B28}.Debug|Any CPU.ActiveCfg = Debug|Any CPU
		{AFA0217A-E609-4830-A1F3-2AC996D50B28}.Debug|Any CPU.Build.0 = Debug|Any CPU
		{AFA0217A-E609-4830-A1F3-2AC996D50B28}.Release|Any CPU.ActiveCfg = Release|Any CPU
		{AFA0217A-E609-4830-A1F3-2AC996D50B28}.Release|Any CPU.Build.0 = Release|Any CPU
		{D2530992-8913-4749-9DB4-804CDE377628}.Debug|Any CPU.ActiveCfg = Debug|Any CPU
		{D2530992-8913-4749-9DB4-804CDE377628}.Debug|Any CPU.Build.0 = Debug|Any CPU
		{D2530992-8913-4749-9DB4-804CDE377628}.Release|Any CPU.ActiveCfg = Release|Any CPU
		{D2530992-8913-4749-9DB4-804CDE377628}.Release|Any CPU.Build.0 = Release|Any CPU
		{367F0FC7-D70E-43CD-A9C4-F542FE730600}.Debug|Any CPU.ActiveCfg = Debug|Any CPU
		{367F0FC7-D70E-43CD-A9C4-F542FE730600}.Debug|Any CPU.Build.0 = Debug|Any CPU
		{367F0FC7-D70E-43CD-A9C4-F542FE730600}.Release|Any CPU.ActiveCfg = Release|Any CPU
		{367F0FC7-D70E-43CD-A9C4-F542FE730600}.Release|Any CPU.Build.0 = Release|Any CPU
		{F8592426-B202-4103-917C-F851200DAB27}.Debug|Any CPU.ActiveCfg = Debug|Any CPU
		{F8592426-B202-4103-917C-F851200DAB27}.Debug|Any CPU.Build.0 = Debug|Any CPU
		{F8592426-B202-4103-917C-F851200DAB27}.Release|Any CPU.ActiveCfg = Release|Any CPU
		{F8592426-B202-4103-917C-F851200DAB27}.Release|Any CPU.Build.0 = Release|Any CPU
		{ED0BE2A2-8C25-4D58-9DB8-6D8ADDB6CA5C}.Debug|Any CPU.ActiveCfg = Debug|Any CPU
		{ED0BE2A2-8C25-4D58-9DB8-6D8ADDB6CA5C}.Debug|Any CPU.Build.0 = Debug|Any CPU
		{ED0BE2A2-8C25-4D58-9DB8-6D8ADDB6CA5C}.Release|Any CPU.ActiveCfg = Release|Any CPU
		{ED0BE2A2-8C25-4D58-9DB8-6D8ADDB6CA5C}.Release|Any CPU.Build.0 = Release|Any CPU
		{266E4C01-249B-4AD2-8C19-F9C5D46ED3C7}.Debug|Any CPU.ActiveCfg = Debug|Any CPU
		{266E4C01-249B-4AD2-8C19-F9C5D46ED3C7}.Debug|Any CPU.Build.0 = Debug|Any CPU
		{266E4C01-249B-4AD2-8C19-F9C5D46ED3C7}.Release|Any CPU.ActiveCfg = Release|Any CPU
		{266E4C01-249B-4AD2-8C19-F9C5D46ED3C7}.Release|Any CPU.Build.0 = Release|Any CPU
		{E2A3767D-D744-4018-BF06-F03B58753A35}.Debug|Any CPU.ActiveCfg = Debug|Any CPU
		{E2A3767D-D744-4018-BF06-F03B58753A35}.Debug|Any CPU.Build.0 = Debug|Any CPU
		{E2A3767D-D744-4018-BF06-F03B58753A35}.Release|Any CPU.ActiveCfg = Release|Any CPU
		{E2A3767D-D744-4018-BF06-F03B58753A35}.Release|Any CPU.Build.0 = Release|Any CPU
		{862AA568-AA38-48B8-8571-9BDA4296316C}.Debug|Any CPU.ActiveCfg = Debug|Any CPU
		{862AA568-AA38-48B8-8571-9BDA4296316C}.Debug|Any CPU.Build.0 = Debug|Any CPU
		{862AA568-AA38-48B8-8571-9BDA4296316C}.Release|Any CPU.ActiveCfg = Release|Any CPU
		{862AA568-AA38-48B8-8571-9BDA4296316C}.Release|Any CPU.Build.0 = Release|Any CPU
		{1D12265E-90C1-4EE8-9C6C-96107AACEC56}.Debug|Any CPU.ActiveCfg = Debug|Any CPU
		{1D12265E-90C1-4EE8-9C6C-96107AACEC56}.Debug|Any CPU.Build.0 = Debug|Any CPU
		{1D12265E-90C1-4EE8-9C6C-96107AACEC56}.Release|Any CPU.ActiveCfg = Release|Any CPU
		{1D12265E-90C1-4EE8-9C6C-96107AACEC56}.Release|Any CPU.Build.0 = Release|Any CPU
		{682C441E-75C4-4AB7-87EA-5FE8A46B6F1A}.Debug|Any CPU.ActiveCfg = Debug|Any CPU
		{682C441E-75C4-4AB7-87EA-5FE8A46B6F1A}.Debug|Any CPU.Build.0 = Debug|Any CPU
		{682C441E-75C4-4AB7-87EA-5FE8A46B6F1A}.Release|Any CPU.ActiveCfg = Release|Any CPU
		{682C441E-75C4-4AB7-87EA-5FE8A46B6F1A}.Release|Any CPU.Build.0 = Release|Any CPU
		{7122971F-B050-49C2-B49A-10899D611421}.Debug|Any CPU.ActiveCfg = Debug|Any CPU
		{7122971F-B050-49C2-B49A-10899D611421}.Debug|Any CPU.Build.0 = Debug|Any CPU
		{7122971F-B050-49C2-B49A-10899D611421}.Release|Any CPU.ActiveCfg = Release|Any CPU
		{7122971F-B050-49C2-B49A-10899D611421}.Release|Any CPU.Build.0 = Release|Any CPU
		{9816EA52-BFA6-4C8D-B456-15E2AFCA7ABA}.Debug|Any CPU.ActiveCfg = Debug|Any CPU
		{9816EA52-BFA6-4C8D-B456-15E2AFCA7ABA}.Debug|Any CPU.Build.0 = Debug|Any CPU
		{9816EA52-BFA6-4C8D-B456-15E2AFCA7ABA}.Release|Any CPU.ActiveCfg = Release|Any CPU
		{9816EA52-BFA6-4C8D-B456-15E2AFCA7ABA}.Release|Any CPU.Build.0 = Release|Any CPU
	EndGlobalSection
	GlobalSection(SolutionProperties) = preSolution
		HideSolutionNode = FALSE
	EndGlobalSection
	GlobalSection(NestedProjects) = preSolution
		{FC5B66FB-9CFA-45F5-B8DB-BE2C055CCDEF} = {0C8D1A90-BD70-4FA1-A52E-1036502DFDCE}
		{DEF152C9-BD33-4954-867C-4F467E886CFE} = {FC5B66FB-9CFA-45F5-B8DB-BE2C055CCDEF}
		{4C3B3A17-5B5B-4B76-98EF-3C7AE34CB9B4} = {54A51EA6-F0B5-495C-8898-D8D35FB1CD8F}
		{41D062F5-D3AE-4460-A9EF-77FAB76B2E18} = {54A51EA6-F0B5-495C-8898-D8D35FB1CD8F}
		{AFA0217A-E609-4830-A1F3-2AC996D50B28} = {CB0ECEE9-6276-460F-A381-CB5D04450504}
		{DDECFCEA-8606-4ABE-9366-CD433EEF9AC8} = {0C8D1A90-BD70-4FA1-A52E-1036502DFDCE}
		{D2530992-8913-4749-9DB4-804CDE377628} = {DDECFCEA-8606-4ABE-9366-CD433EEF9AC8}
		{85BD3CE3-5DAE-4D3F-A767-96B58260628F} = {0C8D1A90-BD70-4FA1-A52E-1036502DFDCE}
		{367F0FC7-D70E-43CD-A9C4-F542FE730600} = {85BD3CE3-5DAE-4D3F-A767-96B58260628F}
		{53DE87A7-EDB2-4D37-A383-16BC05BC8725} = {0C8D1A90-BD70-4FA1-A52E-1036502DFDCE}
		{F8592426-B202-4103-917C-F851200DAB27} = {53DE87A7-EDB2-4D37-A383-16BC05BC8725}
		{387C47D6-F13A-4529-AA4B-060724AE268C} = {0C8D1A90-BD70-4FA1-A52E-1036502DFDCE}
		{ED0BE2A2-8C25-4D58-9DB8-6D8ADDB6CA5C} = {387C47D6-F13A-4529-AA4B-060724AE268C}
		{266E4C01-249B-4AD2-8C19-F9C5D46ED3C7} = {387C47D6-F13A-4529-AA4B-060724AE268C}
		{E2A3767D-D744-4018-BF06-F03B58753A35} = {387C47D6-F13A-4529-AA4B-060724AE268C}
		{862AA568-AA38-48B8-8571-9BDA4296316C} = {387C47D6-F13A-4529-AA4B-060724AE268C}
		{1D12265E-90C1-4EE8-9C6C-96107AACEC56} = {387C47D6-F13A-4529-AA4B-060724AE268C}
		{1EF0E3B5-82AC-4490-B2C7-B9ECEBB408B2} = {0C8D1A90-BD70-4FA1-A52E-1036502DFDCE}
		{682C441E-75C4-4AB7-87EA-5FE8A46B6F1A} = {1EF0E3B5-82AC-4490-B2C7-B9ECEBB408B2}
		{7122971F-B050-49C2-B49A-10899D611421} = {4258188E-A801-4841-B813-6BD2CCCA974E}
		{9816EA52-BFA6-4C8D-B456-15E2AFCA7ABA} = {C95A1F43-C8E3-42E0-8775-705CE2243AAD}
	EndGlobalSection
	GlobalSection(ExtensibilityGlobals) = postSolution
		SolutionGuid = {1F44424A-B573-4C9B-A13A-881E78253FB0}
	EndGlobalSection
EndGlobal
